{
    "name": "@adamdehaven/vuepress-plugin-custom-tooltip",
    "version": "1.3.0",
    "lockfileVersion": 1,
    "requires": true,
    "dependencies": {
        "@adamdehaven/vue-custom-tooltip": {
            "version": "1.3.0",
            "resolved": "https://registry.npmjs.org/@adamdehaven/vue-custom-tooltip/-/vue-custom-tooltip-1.3.0.tgz",
            "integrity": "sha512-85c37fOp/7lKxA9cwhdSiCfViz+jQp9UrbSbt5Q9lNeAWQAkPY/ydgSJZHYNbUqwf8Qm9m82KaUK44ksLwqq9w==",
            "requires": {
                "core-js": "^3.6.5",
                "vue": "^2.6.11"
            }
        },
        "core-js": {
            "version": "3.8.0",
            "resolved": "https://registry.npmjs.org/core-js/-/core-js-3.8.0.tgz",
            "integrity": "sha512-W2VYNB0nwQQE7tKS7HzXd7r2y/y2SVJl4ga6oH/dnaLFzM0o2lB2P3zCkWj5Wc/zyMYjtgd5Hmhk0ObkQFZOIA=="
        },
        "prettier": {
            "version": "2.1.2",
            "resolved": "https://registry.npmjs.org/prettier/-/prettier-2.1.2.tgz",
            "integrity": "sha512-16c7K+x4qVlJg9rEbXl7HEGmQyZlG4R9AgP+oHKRMsMsuk8s+ATStlf1NpDqyBI1HpVyfjLOeMhH2LvuNvV5Vg==",
            "dev": true
        },
        "vue": {
            "version": "2.6.12",
            "resolved": "https://registry.npmjs.org/vue/-/vue-2.6.12.tgz",
            "integrity": "sha512-uhmLFETqPPNyuLLbsKz6ioJ4q7AZHzD8ZVFNATNyICSZouqP2Sz0rotWQC8UNBF6VGSCs5abnKJoStA6JbCbfg=="
        }
    }
}
