{
    "name": "@adamdehaven/vuepress-plugin-custom-tooltip",
    "version": "1.1.1",
    "lockfileVersion": 1,
    "requires": true,
    "dependencies": {
        "@adamdehaven/vue-custom-tooltip": {
            "version": "1.2.1",
            "resolved": "https://registry.npmjs.org/@adamdehaven/vue-custom-tooltip/-/vue-custom-tooltip-1.2.1.tgz",
            "integrity": "sha512-HyPXK4mL9kJt9CAZ1BhBlcrek2sbfTrtOV1hV3qOO77xueSinVMgL/VL5O7Y7L/4EqRScOjY+kJE5h+31ljKvQ==",
            "requires": {
                "core-js": "^3.6.5",
                "vue": "^2.6.11"
            }
        },
        "core-js": {
            "version": "3.6.5",
            "resolved": "https://registry.npmjs.org/core-js/-/core-js-3.6.5.tgz",
            "integrity": "sha512-vZVEEwZoIsI+vPEuoF9Iqf5H7/M3eeQqWlQnYa8FSKKePuYTf5MWnxb5SDAzCa60b3JBRS5g9b+Dq7b1y/RCrA=="
        },
        "prettier": {
            "version": "2.1.2",
            "resolved": "https://registry.npmjs.org/prettier/-/prettier-2.1.2.tgz",
            "integrity": "sha512-16c7K+x4qVlJg9rEbXl7HEGmQyZlG4R9AgP+oHKRMsMsuk8s+ATStlf1NpDqyBI1HpVyfjLOeMhH2LvuNvV5Vg==",
            "dev": true
        },
        "vue": {
            "version": "2.6.12",
            "resolved": "https://registry.npmjs.org/vue/-/vue-2.6.12.tgz",
            "integrity": "sha512-uhmLFETqPPNyuLLbsKz6ioJ4q7AZHzD8ZVFNATNyICSZouqP2Sz0rotWQC8UNBF6VGSCs5abnKJoStA6JbCbfg=="
        }
    }
}
