{
    "name": "@adamdehaven/vuepress-plugin-custom-tooltip",
    "version": "1.1.0",
    "lockfileVersion": 1,
    "requires": true,
    "dependencies": {
        "@adamdehaven/vue-custom-tooltip": {
            "version": "1.2.0",
            "resolved": "https://registry.npmjs.org/@adamdehaven/vue-custom-tooltip/-/vue-custom-tooltip-1.2.0.tgz",
            "integrity": "sha512-Vm7iiC4NYk+uqRdTN+n7/WaFto3AV/sPzDRCQL/kLg3XHlxbkakzEk1pjq9P+Sn/aVq76hg23NUMrawBQ8LH2Q==",
            "requires": {
                "core-js": "^3.6.5",
                "vue": "^2.6.11"
            }
        },
        "core-js": {
            "version": "3.6.5",
            "resolved": "https://registry.npmjs.org/core-js/-/core-js-3.6.5.tgz",
            "integrity": "sha512-vZVEEwZoIsI+vPEuoF9Iqf5H7/M3eeQqWlQnYa8FSKKePuYTf5MWnxb5SDAzCa60b3JBRS5g9b+Dq7b1y/RCrA=="
        },
        "vue": {
            "version": "2.6.12",
            "resolved": "https://registry.npmjs.org/vue/-/vue-2.6.12.tgz",
            "integrity": "sha512-uhmLFETqPPNyuLLbsKz6ioJ4q7AZHzD8ZVFNATNyICSZouqP2Sz0rotWQC8UNBF6VGSCs5abnKJoStA6JbCbfg=="
        }
    }
}
